
Microsoft Visual Studio Solution File, Format Version 12.00
# Visual Studio Version 17
VisualStudioVersion = 17.10.34928.147
MinimumVisualStudioVersion = 10.0.40219.1
Project("{FAE04EC0-301F-11D3-BF4B-00C04F79EFBC}") = "Proyecto1BD", "Proyecto1BD\Proyecto1BD.csproj", "{01B5C1BE-EFB2-46AF-9B6F-0EEA87FEF6E2}"
EndProject
Global
	GlobalSection(SolutionConfigurationPlatforms) = preSolution
		Debug|Any CPU = Debug|Any CPU
		Release|Any CPU = Release|Any CPU
	EndGlobalSection
	GlobalSection(ProjectConfigurationPlatforms) = postSolution
		{01B5C1BE-EFB2-46AF-9B6F-0EEA87FEF6E2}.Debug|Any CPU.ActiveCfg = Debug|Any CPU
		{01B5C1BE-EFB2-46AF-9B6F-0EEA87FEF6E2}.Debug|Any CPU.Build.0 = Debug|Any CPU
		{01B5C1BE-EFB2-46AF-9B6F-0EEA87FEF6E2}.Release|Any CPU.ActiveCfg = Release|Any CPU
		{01B5C1BE-EFB2-46AF-9B6F-0EEA87FEF6E2}.Release|Any CPU.Build.0 = Release|Any CPU
	EndGlobalSection
	GlobalSection(SolutionProperties) = preSolution
		HideSolutionNode = FALSE
	EndGlobalSection
	GlobalSection(ExtensibilityGlobals) = postSolution
		SolutionGuid = {C1FBCEAA-3AE7-408D-8CE0-66987A39AEF3}
	EndGlobalSection
EndGlobal
